
Microsoft Visual Studio Solution File, Format Version 12.00
# Visual Studio Version 16
VisualStudioVersion = 16.0.29503.13
MinimumVisualStudioVersion = 10.0.40219.1
Project("{FAE04EC0-301F-11D3-BF4B-00C04F79EFBC}") = "Stacks", "Stacks.csproj", "{7F4365D1-447C-48F9-BD22-A04DF940D231}"
EndProject
Global
	GlobalSection(SolutionConfigurationPlatforms) = preSolution
		Debug|Any CPU = Debug|Any CPU
		Release|Any CPU = Release|Any CPU
	EndGlobalSection
	GlobalSection(ProjectConfigurationPlatforms) = postSolution
		{7F4365D1-447C-48F9-BD22-A04DF940D231}.Debug|Any CPU.ActiveCfg = Debug|Any CPU
		{7F4365D1-447C-48F9-BD22-A04DF940D231}.Debug|Any CPU.Build.0 = Debug|Any CPU
		{7F4365D1-447C-48F9-BD22-A04DF940D231}.Release|Any CPU.ActiveCfg = Release|Any CPU
		{7F4365D1-447C-48F9-BD22-A04DF940D231}.Release|Any CPU.Build.0 = Release|Any CPU
	EndGlobalSection
	GlobalSection(SolutionProperties) = preSolution
		HideSolutionNode = FALSE
	EndGlobalSection
	GlobalSection(ExtensibilityGlobals) = postSolution
		SolutionGuid = {FEE185AA-BDCD-4647-9952-54D1C2CE7E9F}
	EndGlobalSection
EndGlobal
